{
  "pins" : [
    {
      "identity" : "swiftwhisper",
      "kind" : "remoteSourceControl",
      "location" : "https://github.com/Informat1on/SwiftWhisper.git",
      "state" : {
        "branch" : "master",
        "revision" : "3347f22b7fbee596da51c5acfb7815830016e4c1"
      }
    }
  ],
  "version" : 2
}
