{
  "pins" : [
    {
      "identity" : "swiftwhisper",
      "kind" : "remoteSourceControl",
      "location" : "https://github.com/Informat1on/SwiftWhisper.git",
      "state" : {
        "branch" : "master",
        "revision" : "15d7a54af5479cb23a78e0140d5ece263ee457c4"
      }
    }
  ],
  "version" : 2
}
